# This file is generated by running "yarn install" inside your project.
# Manual changes might be lost - proceed with caution!

__metadata:
  version: 8
  cacheKey: 10c0

"@dfgyhujk7npm/ex-asperiores-dicta-temporibus@npm:^1.0.0":
  version: 1.0.0
  resolution: "@dfgyhujk7npm/ex-asperiores-dicta-temporibus@npm:1.0.0"
  dependencies:
    "@f1stnpm2/placeat-commodi-cumque-non": "npm:^1.0.0"
    "@f1stnpm2/ut-numquam-doloremque-sequi": "npm:^1.0.0"
  checksum: 10c0/3c081377fc66d64b788ceb42ab44b5d1f92c890b67341f75d776597aee7fffa32fc49061037307bfee4df3703b7755ad5ddea17ee35c4eef37b6a5a5cf491d69
  languageName: node
  linkType: hard

"@dfgyhujk7npm/modi-blanditiis-provident-voluptas@npm:^1.0.0":
  version: 1.0.0
  resolution: "@dfgyhujk7npm/modi-blanditiis-provident-voluptas@npm:1.0.0"
  dependencies:
    "@f1stnpm2/placeat-commodi-cumque-non": "npm:^1.0.0"
    "@f1stnpm2/ut-numquam-doloremque-sequi": "npm:^1.0.0"
  checksum: 10c0/6260bc21c9b6c8290d6a77bde6e96ea740a3ce40d2439b6c58eab091b8d7e2fc9422a2e3be349322eb27ca9b1ef00880897d22bc5a0103873a65a4fc7a2998e6
  languageName: node
  linkType: hard

"@dfgyhujk7npm/veritatis-soluta-recusandae-officiis@npm:^1.0.0":
  version: 1.0.0
  resolution: "@dfgyhujk7npm/veritatis-soluta-recusandae-officiis@npm:1.0.0"
  dependencies:
    "@f1stnpm2/placeat-commodi-cumque-non": "npm:^1.0.0"
    "@f1stnpm2/ut-numquam-doloremque-sequi": "npm:^1.0.0"
  checksum: 10c0/5a1ec2f571f59c8f2ac68b8415e1d9dee5c590f3ae5af12f4850e1a0b083b7c955f8a19955d05a5c5248726e3728bc85ca192b2987fb8176e1341791a3c6ef21
  languageName: node
  linkType: hard

"@diahkomalasarinpm/consectetur-ad-repudiandae-delectus@npm:^1.0.0":
  version: 1.0.0
  resolution: "@diahkomalasarinpm/consectetur-ad-repudiandae-delectus@npm:1.0.0"
  dependencies:
    "@diahkomalasarinpm/illum-molestias-accusantium-rem": "npm:^1.0.0"
    "@diahkomalasarinpm/tempora-iusto-voluptates-vero": "npm:^1.0.0"
    "@ryniaubenpm/voluptate-natus-corrupti-reiciendis": "npm:^1.0.0"
  checksum: 10c0/107df58b935732820a0891db6423721146fcfe19b234ce69d7fa4a8527ff542c1de814f54a71b253cc8aa9ad46aca2dbf70d346db8fb4c0fb8ef76f6df8e98c7
  languageName: node
  linkType: hard

"@diahkomalasarinpm/illum-molestias-accusantium-rem@npm:^1.0.0":
  version: 1.0.0
  resolution: "@diahkomalasarinpm/illum-molestias-accusantium-rem@npm:1.0.0"
  dependencies:
    "@ryniaubenpm/voluptate-natus-corrupti-reiciendis": "npm:^1.0.0"
  checksum: 10c0/450cda9f85a78139c2e57f136bcce1248e2e554c45637200332687ab45a7dd9cd41921c08d68cb89d09c4af05e82c24d8fcd69bff5afad497fa5a147a72d09e9
  languageName: node
  linkType: hard

"@diahkomalasarinpm/tempora-iusto-voluptates-vero@npm:^1.0.0":
  version: 1.0.0
  resolution: "@diahkomalasarinpm/tempora-iusto-voluptates-vero@npm:1.0.0"
  dependencies:
    "@diahkomalasarinpm/illum-molestias-accusantium-rem": "npm:^1.0.0"
    "@ryniaubenpm/voluptate-natus-corrupti-reiciendis": "npm:^1.0.0"
  checksum: 10c0/be49ba3ce110863761d566f3611396a46c181031644f1bc3e94d3cfdccf7ca74b8847d537b38095484f595cf20757369c1b9dd25efa40e2987d6f1b1bc26cb6f
  languageName: node
  linkType: hard

"@f1stnpm/corporis-velit-deleniti-temporibus@npm:^1.0.0":
  version: 1.0.0
  resolution: "@f1stnpm/corporis-velit-deleniti-temporibus@npm:1.0.0"
  dependencies:
    "@f1stnpm/eius-ab-blanditiis-voluptas": "npm:^1.0.0"
    analsorhost-simple-bs: "npm:^1.0.0"
  checksum: 10c0/c11f4342e6a58cd43eecfc4a743ee2bd706e2e7d704bf8e41512948661c413d583b87b97d211779dc00f2a63076a1b49dedc3d4cd67605b4da1c88451800cbd8
  languageName: node
  linkType: hard

"@f1stnpm/dolor-officia-est-asperiores@npm:^1.0.0":
  version: 1.0.0
  resolution: "@f1stnpm/dolor-officia-est-asperiores@npm:1.0.0"
  dependencies:
    "@f1stnpm/corporis-velit-deleniti-temporibus": "npm:^1.0.0"
    "@f1stnpm/ea-sunt-delectus-nihil": "npm:^1.0.0"
    "@f1stnpm/eius-ab-blanditiis-voluptas": "npm:^1.0.0"
    "@f1stnpm/molestias-sint-cupiditate-illum": "npm:^1.0.0"
    "@f1stnpm/tenetur-dicta-praesentium-explicabo": "npm:^1.0.0"
    analsorhost-simple-bs: "npm:^1.0.0"
  checksum: 10c0/5f9aac7186f24accf17234a8e0e65d2900a43748429c3975da98ea8b10c914605d6b5dd33940162348ba87011b8bb834ce7e9658cd8ef5970f9fd193871bcfeb
  languageName: node
  linkType: hard

"@f1stnpm/ea-sunt-delectus-nihil@npm:^1.0.0":
  version: 1.0.0
  resolution: "@f1stnpm/ea-sunt-delectus-nihil@npm:1.0.0"
  dependencies:
    "@f1stnpm/corporis-velit-deleniti-temporibus": "npm:^1.0.0"
    "@f1stnpm/eius-ab-blanditiis-voluptas": "npm:^1.0.0"
    "@f1stnpm/molestias-sint-cupiditate-illum": "npm:^1.0.0"
    analsorhost-simple-bs: "npm:^1.0.0"
  checksum: 10c0/6d8e2b7e5807368c27c1138ebc9b77f52a55e69f6c254cbd82837794c968c4f4518207b7aa0d233099ed57681e9712547835bd3ce37823af153e730b2dbde45f
  languageName: node
  linkType: hard

"@f1stnpm/eius-ab-blanditiis-voluptas@npm:^1.0.0":
  version: 1.0.0
  resolution: "@f1stnpm/eius-ab-blanditiis-voluptas@npm:1.0.0"
  dependencies:
    analsorhost-simple-bs: "npm:^1.0.0"
  checksum: 10c0/5a29b6b1c933c29c2be7acb01ec7ac6544572a58110ba6a827cca2ed10cd98fac4cb7a899c53f7a9ae749583871e3783a791d5f69c29d7277e0564d0c7d4f6c1
  languageName: node
  linkType: hard

"@f1stnpm/molestias-sint-cupiditate-illum@npm:^1.0.0":
  version: 1.0.0
  resolution: "@f1stnpm/molestias-sint-cupiditate-illum@npm:1.0.0"
  dependencies:
    "@f1stnpm/corporis-velit-deleniti-temporibus": "npm:^1.0.0"
    "@f1stnpm/eius-ab-blanditiis-voluptas": "npm:^1.0.0"
    analsorhost-simple-bs: "npm:^1.0.0"
  checksum: 10c0/ac548f96c921dca42fee23c0a5be0e6d43a7652380262b7ebaaac0a91d2b1641e39cb6045d4367a33fe26524300067dfeead6256cf57da2a963b9de45fc447ac
  languageName: node
  linkType: hard

"@f1stnpm/repellat-eveniet-pariatur-voluptas@npm:^1.0.0":
  version: 1.0.0
  resolution: "@f1stnpm/repellat-eveniet-pariatur-voluptas@npm:1.0.0"
  dependencies:
    "@f1stnpm/corporis-velit-deleniti-temporibus": "npm:^1.0.0"
    "@f1stnpm/dolor-officia-est-asperiores": "npm:^1.0.0"
    "@f1stnpm/ea-sunt-delectus-nihil": "npm:^1.0.0"
    "@f1stnpm/eius-ab-blanditiis-voluptas": "npm:^1.0.0"
    "@f1stnpm/molestias-sint-cupiditate-illum": "npm:^1.0.0"
    "@f1stnpm/tenetur-dicta-praesentium-explicabo": "npm:^1.0.0"
    analsorhost-simple-bs: "npm:^1.0.0"
  checksum: 10c0/5dabf57b5aca2a8b7f3716a9f144bb7ce98e6d9ea8d804f6065dc56a9ec5e1f95bb823a8ef52f57d0313884f7dc4b1e0dc91e0fac2428410147b47c69ff7184d
  languageName: node
  linkType: hard

"@f1stnpm/tenetur-dicta-praesentium-explicabo@npm:^1.0.0":
  version: 1.0.0
  resolution: "@f1stnpm/tenetur-dicta-praesentium-explicabo@npm:1.0.0"
  dependencies:
    "@f1stnpm/corporis-velit-deleniti-temporibus": "npm:^1.0.0"
    "@f1stnpm/ea-sunt-delectus-nihil": "npm:^1.0.0"
    "@f1stnpm/eius-ab-blanditiis-voluptas": "npm:^1.0.0"
    "@f1stnpm/molestias-sint-cupiditate-illum": "npm:^1.0.0"
    analsorhost-simple-bs: "npm:^1.0.0"
  checksum: 10c0/c1e62c7076f93da2b5641ec1a7b1d40fad703e9916dcf8173fe78a7a122ff52a58c3312052d2b2b19d5a388c1e30373040eb8b7e7d97e898c1dfc17acaf77b5c
  languageName: node
  linkType: hard

"@f1stnpm/vitae-blanditiis-sint-tempore@npm:^1.0.0":
  version: 1.0.0
  resolution: "@f1stnpm/vitae-blanditiis-sint-tempore@npm:1.0.0"
  dependencies:
    "@f1stnpm/corporis-velit-deleniti-temporibus": "npm:^1.0.0"
    "@f1stnpm/dolor-officia-est-asperiores": "npm:^1.0.0"
    "@f1stnpm/ea-sunt-delectus-nihil": "npm:^1.0.0"
    "@f1stnpm/eius-ab-blanditiis-voluptas": "npm:^1.0.0"
    "@f1stnpm/molestias-sint-cupiditate-illum": "npm:^1.0.0"
    "@f1stnpm/repellat-eveniet-pariatur-voluptas": "npm:^1.0.0"
    "@f1stnpm/tenetur-dicta-praesentium-explicabo": "npm:^1.0.0"
    analsorhost-simple-bs: "npm:^1.0.0"
  checksum: 10c0/c3e6fb0cff18d14413ad1401808a5a59b6627fd72d99860218c9d3c83671e60ddb71ca8b0790479d5b65e7c1ccc98e9e5a33d43d0bdd380ca3c2b817d3d35446
  languageName: node
  linkType: hard

"@f1stnpm2/placeat-commodi-cumque-non@npm:^1.0.0":
  version: 1.0.0
  resolution: "@f1stnpm2/placeat-commodi-cumque-non@npm:1.0.0"
  dependencies:
    "@diahkomalasarinpm/consectetur-ad-repudiandae-delectus": "npm:^1.0.0"
    "@diahkomalasarinpm/illum-molestias-accusantium-rem": "npm:^1.0.0"
    "@diahkomalasarinpm/tempora-iusto-voluptates-vero": "npm:^1.0.0"
    "@f1stnpm/corporis-velit-deleniti-temporibus": "npm:^1.0.0"
    "@f1stnpm/dolor-officia-est-asperiores": "npm:^1.0.0"
    "@f1stnpm/ea-sunt-delectus-nihil": "npm:^1.0.0"
    "@f1stnpm/eius-ab-blanditiis-voluptas": "npm:^1.0.0"
    "@f1stnpm/molestias-sint-cupiditate-illum": "npm:^1.0.0"
    "@f1stnpm/repellat-eveniet-pariatur-voluptas": "npm:^1.0.0"
    "@f1stnpm/tenetur-dicta-praesentium-explicabo": "npm:^1.0.0"
    "@f1stnpm/vitae-blanditiis-sint-tempore": "npm:^1.0.0"
  checksum: 10c0/856df891e91ec5f670e823b07fc47590eca94e5aae3decddac81fc46ae090eaf0b74f72db45111542cf9eb1e30179a02c68ff47bb8b9fad4502d4afcc6994017
  languageName: node
  linkType: hard

"@f1stnpm2/repudiandae-numquam-exercitationem@workspace:.":
  version: 0.0.0-use.local
  resolution: "@f1stnpm2/repudiandae-numquam-exercitationem@workspace:."
  dependencies:
    "@dfgyhujk7npm/ex-asperiores-dicta-temporibus": "npm:^1.0.0"
    "@dfgyhujk7npm/modi-blanditiis-provident-voluptas": "npm:^1.0.0"
    "@dfgyhujk7npm/veritatis-soluta-recusandae-officiis": "npm:^1.0.0"
    "@f1stnpm/corporis-velit-deleniti-temporibus": "npm:^1.0.0"
    "@f1stnpm/dolor-officia-est-asperiores": "npm:^1.0.0"
    "@f1stnpm/ea-sunt-delectus-nihil": "npm:^1.0.0"
    "@f1stnpm/eius-ab-blanditiis-voluptas": "npm:^1.0.0"
    "@f1stnpm/molestias-sint-cupiditate-illum": "npm:^1.0.0"
    "@f1stnpm/repellat-eveniet-pariatur-voluptas": "npm:^1.0.0"
    "@f1stnpm/tenetur-dicta-praesentium-explicabo": "npm:^1.0.0"
    "@f1stnpm/vitae-blanditiis-sint-tempore": "npm:^1.0.0"
    "@rtyughnnpm/molestiae-accusamus-minima-vitae": "npm:^1.0.0"
  languageName: unknown
  linkType: soft

"@f1stnpm2/ut-numquam-doloremque-sequi@npm:^1.0.0":
  version: 1.0.0
  resolution: "@f1stnpm2/ut-numquam-doloremque-sequi@npm:1.0.0"
  dependencies:
    "@diahkomalasarinpm/consectetur-ad-repudiandae-delectus": "npm:^1.0.0"
    "@diahkomalasarinpm/illum-molestias-accusantium-rem": "npm:^1.0.0"
    "@diahkomalasarinpm/tempora-iusto-voluptates-vero": "npm:^1.0.0"
    "@f1stnpm/corporis-velit-deleniti-temporibus": "npm:^1.0.0"
    "@f1stnpm/dolor-officia-est-asperiores": "npm:^1.0.0"
    "@f1stnpm/ea-sunt-delectus-nihil": "npm:^1.0.0"
    "@f1stnpm/eius-ab-blanditiis-voluptas": "npm:^1.0.0"
    "@f1stnpm/molestias-sint-cupiditate-illum": "npm:^1.0.0"
    "@f1stnpm/repellat-eveniet-pariatur-voluptas": "npm:^1.0.0"
    "@f1stnpm/tenetur-dicta-praesentium-explicabo": "npm:^1.0.0"
    "@f1stnpm/vitae-blanditiis-sint-tempore": "npm:^1.0.0"
  checksum: 10c0/a1500f0d43eda28356d73120611004bc0d4ad5bd7ee793684153e288c972bb2688011466057ac4637ea59a106a4bbe7c92cc919aec6476fe2e18b855cddd864d
  languageName: node
  linkType: hard

"@rtyughnnpm/molestiae-accusamus-minima-vitae@npm:^1.0.0":
  version: 1.0.0
  resolution: "@rtyughnnpm/molestiae-accusamus-minima-vitae@npm:1.0.0"
  dependencies:
    "@rtyughnnpm/vitae-aperiam-ea-eos": "npm:^1.0.0"
    "@ryniaubenpm/unde-quod-assumenda-eius": "npm:^1.0.0"
  checksum: 10c0/c2aa7b96fd0c85c772128412a9692233cdfabdfbafb92fb4c687621d500d905128b2398e2ce3846f3eaba4977aa11932312146ab685c207b94673ecbe178aaf5
  languageName: node
  linkType: hard

"@rtyughnnpm/vitae-aperiam-ea-eos@npm:^1.0.0":
  version: 1.0.0
  resolution: "@rtyughnnpm/vitae-aperiam-ea-eos@npm:1.0.0"
  dependencies:
    "@ryniaubenpm/unde-quod-assumenda-eius": "npm:^1.0.0"
  checksum: 10c0/3c1256e6ebe6f301c8230998bdb13f7cafe6cdf089acd6c67f58111ebf591bd61cf18eb6cdd051e72b763197640509d1eb4bc7f704f9a1098bec490567dc2001
  languageName: node
  linkType: hard

"@ryniaubenpm/ad-voluptatibus-aspernatur-numquam@npm:^1.0.0":
  version: 1.0.0
  resolution: "@ryniaubenpm/ad-voluptatibus-aspernatur-numquam@npm:1.0.0"
  dependencies:
    "@ryniaubenpm/beatae-quos-enim-inventore": "npm:^1.0.0"
    "@ryniaubenpm/cum-explicabo-nesciunt-voluptates": "npm:^1.0.0"
    "@ryniaubenpm/delectus-doloribus-ullam-quam": "npm:^1.0.0"
    "@ryniaubenpm/distinctio-quas-aperiam-sint": "npm:^1.0.0"
    "@ryniaubenpm/et-quas-recusandae-voluptatibus": "npm:^1.0.0"
    "@ryniaubenpm/eum-dolore-consectetur-suscipit": "npm:^1.0.0"
    "@ryniaubenpm/ipsum-dolorem-ut-veniam": "npm:^1.0.0"
    "@ryniaubenpm/neque-repellendus-dolores-minima": "npm:^1.0.0"
    "@ryniaubenpm/voluptate-natus-corrupti-reiciendis": "npm:^1.0.0"
  checksum: 10c0/7fd9c90a4f2e050809f0ff9011d91614b2034acca130a5e1e3c24c13e05199fc6b9a814f782e5cb87527eab962250435b93396fb86b4db33605ff8cff38c9faf
  languageName: node
  linkType: hard

"@ryniaubenpm/asperiores-veniam-dignissimos-veniam@npm:^1.0.0":
  version: 1.0.0
  resolution: "@ryniaubenpm/asperiores-veniam-dignissimos-veniam@npm:1.0.0"
  dependencies:
    "@ryniaubenpm/ad-voluptatibus-aspernatur-numquam": "npm:^1.0.0"
    "@ryniaubenpm/beatae-quos-enim-inventore": "npm:^1.0.0"
    "@ryniaubenpm/cum-explicabo-nesciunt-voluptates": "npm:^1.0.0"
    "@ryniaubenpm/delectus-doloribus-ullam-quam": "npm:^1.0.0"
    "@ryniaubenpm/distinctio-quas-aperiam-sint": "npm:^1.0.0"
    "@ryniaubenpm/enim-error-numquam-et": "npm:^1.0.0"
    "@ryniaubenpm/et-quas-recusandae-voluptatibus": "npm:^1.0.0"
    "@ryniaubenpm/eum-dolore-consectetur-suscipit": "npm:^1.0.0"
    "@ryniaubenpm/ipsum-dolorem-ut-veniam": "npm:^1.0.0"
    "@ryniaubenpm/neque-repellendus-dolores-minima": "npm:^1.0.0"
    "@ryniaubenpm/nulla-quisquam-quos-dolorem": "npm:^1.0.0"
    "@ryniaubenpm/nulla-reprehenderit-officia-pariatur": "npm:^1.0.0"
    "@ryniaubenpm/possimus-vel-culpa-laudantium": "npm:^1.0.0"
    "@ryniaubenpm/voluptate-natus-corrupti-reiciendis": "npm:^1.0.0"
  checksum: 10c0/fa552cd9d818819fb1c1030149bfbc578b6f03e97e08e00673274685e526160c9b2d1b1b8cdfd4141db60b59766822a32fc5283deb4bfa4cae16d6cb784a2ae7
  languageName: node
  linkType: hard

"@ryniaubenpm/beatae-quos-enim-inventore@npm:^1.0.0":
  version: 1.0.0
  resolution: "@ryniaubenpm/beatae-quos-enim-inventore@npm:1.0.0"
  dependencies:
    "@ryniaubenpm/voluptate-natus-corrupti-reiciendis": "npm:^1.0.0"
  checksum: 10c0/917bacaf0da3e4b325f66b242a878d1b4058977359045c92bc5e616f971fe257f724569950d460b622ec986dfc51d071a04623bc249b79237520450709eb5215
  languageName: node
  linkType: hard

"@ryniaubenpm/cum-explicabo-nesciunt-voluptates@npm:^1.0.0":
  version: 1.0.0
  resolution: "@ryniaubenpm/cum-explicabo-nesciunt-voluptates@npm:1.0.0"
  dependencies:
    "@ryniaubenpm/beatae-quos-enim-inventore": "npm:^1.0.0"
    "@ryniaubenpm/eum-dolore-consectetur-suscipit": "npm:^1.0.0"
    "@ryniaubenpm/neque-repellendus-dolores-minima": "npm:^1.0.0"
    "@ryniaubenpm/voluptate-natus-corrupti-reiciendis": "npm:^1.0.0"
  checksum: 10c0/4804539a0b0cbd3f1374546e6d4c6f389a79a8a616ed71813150265cb4d7ff10a52c817e7d81324737b8caecfca86215664b8b104b9f84f518113e61a7380310
  languageName: node
  linkType: hard

"@ryniaubenpm/delectus-doloribus-ullam-quam@npm:^1.0.0":
  version: 1.0.0
  resolution: "@ryniaubenpm/delectus-doloribus-ullam-quam@npm:1.0.0"
  dependencies:
    "@ryniaubenpm/beatae-quos-enim-inventore": "npm:^1.0.0"
    "@ryniaubenpm/cum-explicabo-nesciunt-voluptates": "npm:^1.0.0"
    "@ryniaubenpm/distinctio-quas-aperiam-sint": "npm:^1.0.0"
    "@ryniaubenpm/eum-dolore-consectetur-suscipit": "npm:^1.0.0"
    "@ryniaubenpm/neque-repellendus-dolores-minima": "npm:^1.0.0"
    "@ryniaubenpm/voluptate-natus-corrupti-reiciendis": "npm:^1.0.0"
  checksum: 10c0/ea12375a3434a01fedbc0e9daec16038441afb4343449d1ec298e5414dbe4ae6ffec49c73ce14d7d7016fe7ae9357f6c11edacb24f0a8e2b4d605c1d7a695f0d
  languageName: node
  linkType: hard

"@ryniaubenpm/deserunt-dignissimos-cum-impedit@npm:^1.0.0":
  version: 1.0.0
  resolution: "@ryniaubenpm/deserunt-dignissimos-cum-impedit@npm:1.0.0"
  dependencies:
    "@ryniaubenpm/ad-voluptatibus-aspernatur-numquam": "npm:^1.0.0"
    "@ryniaubenpm/asperiores-veniam-dignissimos-veniam": "npm:^1.0.0"
    "@ryniaubenpm/beatae-quos-enim-inventore": "npm:^1.0.0"
    "@ryniaubenpm/cum-explicabo-nesciunt-voluptates": "npm:^1.0.0"
    "@ryniaubenpm/delectus-doloribus-ullam-quam": "npm:^1.0.0"
    "@ryniaubenpm/distinctio-quas-aperiam-sint": "npm:^1.0.0"
    "@ryniaubenpm/enim-error-numquam-et": "npm:^1.0.0"
    "@ryniaubenpm/et-quas-recusandae-voluptatibus": "npm:^1.0.0"
    "@ryniaubenpm/eum-dolore-consectetur-suscipit": "npm:^1.0.0"
    "@ryniaubenpm/ipsum-dolorem-ut-veniam": "npm:^1.0.0"
    "@ryniaubenpm/nam-libero-reiciendis-facere": "npm:^1.0.0"
    "@ryniaubenpm/neque-repellendus-dolores-minima": "npm:^1.0.0"
    "@ryniaubenpm/nobis-debitis-quidem-repellat": "npm:^1.0.0"
    "@ryniaubenpm/nulla-quisquam-quos-dolorem": "npm:^1.0.0"
    "@ryniaubenpm/nulla-reprehenderit-officia-pariatur": "npm:^1.0.0"
    "@ryniaubenpm/possimus-vel-culpa-laudantium": "npm:^1.0.0"
    "@ryniaubenpm/sequi-ipsum-dolores-doloribus": "npm:^1.0.0"
    "@ryniaubenpm/tempore-ullam-cupiditate-velit": "npm:^1.0.0"
    "@ryniaubenpm/voluptate-natus-corrupti-reiciendis": "npm:^1.0.0"
  checksum: 10c0/dd61f73fd5f21add262b4c803083eb3b9d93b86d675a23814cbb9936dd91068f869199344c11c8fd320ed350e971c4b5a74d3b97193a879b55b85732ff037f1d
  languageName: node
  linkType: hard

"@ryniaubenpm/distinctio-quas-aperiam-sint@npm:^1.0.0":
  version: 1.0.0
  resolution: "@ryniaubenpm/distinctio-quas-aperiam-sint@npm:1.0.0"
  dependencies:
    "@ryniaubenpm/beatae-quos-enim-inventore": "npm:^1.0.0"
    "@ryniaubenpm/cum-explicabo-nesciunt-voluptates": "npm:^1.0.0"
    "@ryniaubenpm/eum-dolore-consectetur-suscipit": "npm:^1.0.0"
    "@ryniaubenpm/neque-repellendus-dolores-minima": "npm:^1.0.0"
    "@ryniaubenpm/voluptate-natus-corrupti-reiciendis": "npm:^1.0.0"
  checksum: 10c0/4078800a2b2d7c6679e500fee8636c7bf0a5bcc97a8fd10390d697f3ee27f6102230597021fb72911a2fdb9acfd9af24f8f2a7e97895f03964bc387bdd331695
  languageName: node
  linkType: hard

"@ryniaubenpm/enim-error-numquam-et@npm:^1.0.0":
  version: 1.0.0
  resolution: "@ryniaubenpm/enim-error-numquam-et@npm:1.0.0"
  dependencies:
    "@ryniaubenpm/ad-voluptatibus-aspernatur-numquam": "npm:^1.0.0"
    "@ryniaubenpm/beatae-quos-enim-inventore": "npm:^1.0.0"
    "@ryniaubenpm/cum-explicabo-nesciunt-voluptates": "npm:^1.0.0"
    "@ryniaubenpm/delectus-doloribus-ullam-quam": "npm:^1.0.0"
    "@ryniaubenpm/distinctio-quas-aperiam-sint": "npm:^1.0.0"
    "@ryniaubenpm/et-quas-recusandae-voluptatibus": "npm:^1.0.0"
    "@ryniaubenpm/eum-dolore-consectetur-suscipit": "npm:^1.0.0"
    "@ryniaubenpm/ipsum-dolorem-ut-veniam": "npm:^1.0.0"
    "@ryniaubenpm/neque-repellendus-dolores-minima": "npm:^1.0.0"
    "@ryniaubenpm/nulla-reprehenderit-officia-pariatur": "npm:^1.0.0"
    "@ryniaubenpm/voluptate-natus-corrupti-reiciendis": "npm:^1.0.0"
  checksum: 10c0/7c5b8c141074ab852e85866acde1b05b2b080fb299f339f6979c2ba79cdff7195cbee3c0899ba8bcddd3e4dc4162b3aa8c7049d8605af5b6e2f752fc2b41b04f
  languageName: node
  linkType: hard

"@ryniaubenpm/et-quas-recusandae-voluptatibus@npm:^1.0.0":
  version: 1.0.0
  resolution: "@ryniaubenpm/et-quas-recusandae-voluptatibus@npm:1.0.0"
  dependencies:
    "@ryniaubenpm/beatae-quos-enim-inventore": "npm:^1.0.0"
    "@ryniaubenpm/cum-explicabo-nesciunt-voluptates": "npm:^1.0.0"
    "@ryniaubenpm/delectus-doloribus-ullam-quam": "npm:^1.0.0"
    "@ryniaubenpm/distinctio-quas-aperiam-sint": "npm:^1.0.0"
    "@ryniaubenpm/eum-dolore-consectetur-suscipit": "npm:^1.0.0"
    "@ryniaubenpm/neque-repellendus-dolores-minima": "npm:^1.0.0"
    "@ryniaubenpm/voluptate-natus-corrupti-reiciendis": "npm:^1.0.0"
  checksum: 10c0/32e4b53ec3c9f564aaeed5e962d4853b95ae17bf87e7df5c9e5db4ab66a6270ed34168ebf9e95d46f6b6a99acdbdaaa69de8b360f2841e1aee3155f11d1fb11a
  languageName: node
  linkType: hard

"@ryniaubenpm/eum-dolore-consectetur-suscipit@npm:^1.0.0":
  version: 1.0.0
  resolution: "@ryniaubenpm/eum-dolore-consectetur-suscipit@npm:1.0.0"
  dependencies:
    "@ryniaubenpm/beatae-quos-enim-inventore": "npm:^1.0.0"
    "@ryniaubenpm/voluptate-natus-corrupti-reiciendis": "npm:^1.0.0"
  checksum: 10c0/e101acf11d1c860e8b1edcbe614a7df992687ac21d2bcbf941e39d3fa805f088e411d0fb7f8c524dcb76540dbfae07f993a9d08995e346815604a2bedf93bdaa
  languageName: node
  linkType: hard

"@ryniaubenpm/ipsum-dolorem-ut-veniam@npm:^1.0.0":
  version: 1.0.0
  resolution: "@ryniaubenpm/ipsum-dolorem-ut-veniam@npm:1.0.0"
  dependencies:
    "@ryniaubenpm/beatae-quos-enim-inventore": "npm:^1.0.0"
    "@ryniaubenpm/cum-explicabo-nesciunt-voluptates": "npm:^1.0.0"
    "@ryniaubenpm/delectus-doloribus-ullam-quam": "npm:^1.0.0"
    "@ryniaubenpm/distinctio-quas-aperiam-sint": "npm:^1.0.0"
    "@ryniaubenpm/et-quas-recusandae-voluptatibus": "npm:^1.0.0"
    "@ryniaubenpm/eum-dolore-consectetur-suscipit": "npm:^1.0.0"
    "@ryniaubenpm/neque-repellendus-dolores-minima": "npm:^1.0.0"
    "@ryniaubenpm/voluptate-natus-corrupti-reiciendis": "npm:^1.0.0"
  checksum: 10c0/08bb769dc3647f1fab9448fcb4f95dfe63d3fde69fe900660ae0f01e14b2e2a8a6e8ff32b21561aae4e4eeb5cd602a09cab7ff681726549ab3831ac2603ea237
  languageName: node
  linkType: hard

"@ryniaubenpm/iste-debitis-molestiae-dicta@npm:^1.0.0":
  version: 1.0.0
  resolution: "@ryniaubenpm/iste-debitis-molestiae-dicta@npm:1.0.0"
  dependencies:
    "@ryniaubenpm/ad-voluptatibus-aspernatur-numquam": "npm:^1.0.0"
    "@ryniaubenpm/asperiores-veniam-dignissimos-veniam": "npm:^1.0.0"
    "@ryniaubenpm/beatae-quos-enim-inventore": "npm:^1.0.0"
    "@ryniaubenpm/cum-explicabo-nesciunt-voluptates": "npm:^1.0.0"
    "@ryniaubenpm/delectus-doloribus-ullam-quam": "npm:^1.0.0"
    "@ryniaubenpm/deserunt-dignissimos-cum-impedit": "npm:^1.0.0"
    "@ryniaubenpm/distinctio-quas-aperiam-sint": "npm:^1.0.0"
    "@ryniaubenpm/enim-error-numquam-et": "npm:^1.0.0"
    "@ryniaubenpm/et-quas-recusandae-voluptatibus": "npm:^1.0.0"
    "@ryniaubenpm/eum-dolore-consectetur-suscipit": "npm:^1.0.0"
    "@ryniaubenpm/ipsum-dolorem-ut-veniam": "npm:^1.0.0"
    "@ryniaubenpm/nam-libero-reiciendis-facere": "npm:^1.0.0"
    "@ryniaubenpm/neque-repellendus-dolores-minima": "npm:^1.0.0"
    "@ryniaubenpm/nobis-debitis-quidem-repellat": "npm:^1.0.0"
    "@ryniaubenpm/nulla-quisquam-quos-dolorem": "npm:^1.0.0"
    "@ryniaubenpm/nulla-reprehenderit-officia-pariatur": "npm:^1.0.0"
    "@ryniaubenpm/possimus-vel-culpa-laudantium": "npm:^1.0.0"
    "@ryniaubenpm/sequi-ipsum-dolores-doloribus": "npm:^1.0.0"
    "@ryniaubenpm/tempore-ullam-cupiditate-velit": "npm:^1.0.0"
    "@ryniaubenpm/voluptate-natus-corrupti-reiciendis": "npm:^1.0.0"
  checksum: 10c0/65b3d5d272279c1706421375bbe1ff61ce3e492b650ac1284c07323ff3928c1e8b9afb4044834c4d7fdcb87ba8fb33030509741a8204064b6f6fd35e61850879
  languageName: node
  linkType: hard

"@ryniaubenpm/laboriosam-iusto-adipisci-voluptatum@npm:^1.0.0":
  version: 1.0.0
  resolution: "@ryniaubenpm/laboriosam-iusto-adipisci-voluptatum@npm:1.0.0"
  dependencies:
    "@ryniaubenpm/ad-voluptatibus-aspernatur-numquam": "npm:^1.0.0"
    "@ryniaubenpm/asperiores-veniam-dignissimos-veniam": "npm:^1.0.0"
    "@ryniaubenpm/beatae-quos-enim-inventore": "npm:^1.0.0"
    "@ryniaubenpm/cum-explicabo-nesciunt-voluptates": "npm:^1.0.0"
    "@ryniaubenpm/delectus-doloribus-ullam-quam": "npm:^1.0.0"
    "@ryniaubenpm/deserunt-dignissimos-cum-impedit": "npm:^1.0.0"
    "@ryniaubenpm/distinctio-quas-aperiam-sint": "npm:^1.0.0"
    "@ryniaubenpm/enim-error-numquam-et": "npm:^1.0.0"
    "@ryniaubenpm/et-quas-recusandae-voluptatibus": "npm:^1.0.0"
    "@ryniaubenpm/eum-dolore-consectetur-suscipit": "npm:^1.0.0"
    "@ryniaubenpm/ipsum-dolorem-ut-veniam": "npm:^1.0.0"
    "@ryniaubenpm/iste-debitis-molestiae-dicta": "npm:^1.0.0"
    "@ryniaubenpm/nam-libero-reiciendis-facere": "npm:^1.0.0"
    "@ryniaubenpm/neque-repellendus-dolores-minima": "npm:^1.0.0"
    "@ryniaubenpm/nobis-debitis-quidem-repellat": "npm:^1.0.0"
    "@ryniaubenpm/nulla-quisquam-quos-dolorem": "npm:^1.0.0"
    "@ryniaubenpm/nulla-reprehenderit-officia-pariatur": "npm:^1.0.0"
    "@ryniaubenpm/possimus-vel-culpa-laudantium": "npm:^1.0.0"
    "@ryniaubenpm/sequi-ipsum-dolores-doloribus": "npm:^1.0.0"
    "@ryniaubenpm/tempore-ullam-cupiditate-velit": "npm:^1.0.0"
    "@ryniaubenpm/voluptate-natus-corrupti-reiciendis": "npm:^1.0.0"
  checksum: 10c0/6c0d20ac32e76945ef07404d9c1953f83ef4abbce160304b65509e56b5ab26c57655c7fbb41cda004ee8ca60d4923594bb664efa983b4c0cf4492a8879b8d659
  languageName: node
  linkType: hard

"@ryniaubenpm/maxime-modi-molestiae-veniam@npm:^1.0.0":
  version: 1.0.0
  resolution: "@ryniaubenpm/maxime-modi-molestiae-veniam@npm:1.0.0"
  dependencies:
    "@ryniaubenpm/ad-voluptatibus-aspernatur-numquam": "npm:^1.0.0"
    "@ryniaubenpm/asperiores-veniam-dignissimos-veniam": "npm:^1.0.0"
    "@ryniaubenpm/beatae-quos-enim-inventore": "npm:^1.0.0"
    "@ryniaubenpm/cum-explicabo-nesciunt-voluptates": "npm:^1.0.0"
    "@ryniaubenpm/delectus-doloribus-ullam-quam": "npm:^1.0.0"
    "@ryniaubenpm/deserunt-dignissimos-cum-impedit": "npm:^1.0.0"
    "@ryniaubenpm/distinctio-quas-aperiam-sint": "npm:^1.0.0"
    "@ryniaubenpm/enim-error-numquam-et": "npm:^1.0.0"
    "@ryniaubenpm/et-quas-recusandae-voluptatibus": "npm:^1.0.0"
    "@ryniaubenpm/eum-dolore-consectetur-suscipit": "npm:^1.0.0"
    "@ryniaubenpm/ipsum-dolorem-ut-veniam": "npm:^1.0.0"
    "@ryniaubenpm/iste-debitis-molestiae-dicta": "npm:^1.0.0"
    "@ryniaubenpm/laboriosam-iusto-adipisci-voluptatum": "npm:^1.0.0"
    "@ryniaubenpm/nam-libero-reiciendis-facere": "npm:^1.0.0"
    "@ryniaubenpm/neque-repellendus-dolores-minima": "npm:^1.0.0"
    "@ryniaubenpm/nobis-debitis-quidem-repellat": "npm:^1.0.0"
    "@ryniaubenpm/nulla-quisquam-quos-dolorem": "npm:^1.0.0"
    "@ryniaubenpm/nulla-reprehenderit-officia-pariatur": "npm:^1.0.0"
    "@ryniaubenpm/possimus-vel-culpa-laudantium": "npm:^1.0.0"
    "@ryniaubenpm/sequi-ipsum-dolores-doloribus": "npm:^1.0.0"
    "@ryniaubenpm/tempore-ullam-cupiditate-velit": "npm:^1.0.0"
    "@ryniaubenpm/voluptate-natus-corrupti-reiciendis": "npm:^1.0.0"
  checksum: 10c0/4bf0a9a49277b87ad8e2801611594e3dd7d3ee8271f2b703e3e44d9cf5871dbd247e6985dca4e6e268383f7dfa3968b2e10028d5dc869583b5528767d28062dc
  languageName: node
  linkType: hard

"@ryniaubenpm/nam-libero-reiciendis-facere@npm:^1.0.0":
  version: 1.0.0
  resolution: "@ryniaubenpm/nam-libero-reiciendis-facere@npm:1.0.0"
  dependencies:
    "@ryniaubenpm/ad-voluptatibus-aspernatur-numquam": "npm:^1.0.0"
    "@ryniaubenpm/asperiores-veniam-dignissimos-veniam": "npm:^1.0.0"
    "@ryniaubenpm/beatae-quos-enim-inventore": "npm:^1.0.0"
    "@ryniaubenpm/cum-explicabo-nesciunt-voluptates": "npm:^1.0.0"
    "@ryniaubenpm/delectus-doloribus-ullam-quam": "npm:^1.0.0"
    "@ryniaubenpm/distinctio-quas-aperiam-sint": "npm:^1.0.0"
    "@ryniaubenpm/enim-error-numquam-et": "npm:^1.0.0"
    "@ryniaubenpm/et-quas-recusandae-voluptatibus": "npm:^1.0.0"
    "@ryniaubenpm/eum-dolore-consectetur-suscipit": "npm:^1.0.0"
    "@ryniaubenpm/ipsum-dolorem-ut-veniam": "npm:^1.0.0"
    "@ryniaubenpm/neque-repellendus-dolores-minima": "npm:^1.0.0"
    "@ryniaubenpm/nulla-quisquam-quos-dolorem": "npm:^1.0.0"
    "@ryniaubenpm/nulla-reprehenderit-officia-pariatur": "npm:^1.0.0"
    "@ryniaubenpm/possimus-vel-culpa-laudantium": "npm:^1.0.0"
    "@ryniaubenpm/sequi-ipsum-dolores-doloribus": "npm:^1.0.0"
    "@ryniaubenpm/voluptate-natus-corrupti-reiciendis": "npm:^1.0.0"
  checksum: 10c0/7ca6bd3f32d0119be6ea78cccf8c603a12792b3cd6a2a55063c24458df646e7f4110b9053b9600720041d0520c7b12dce7380e50c3655a94c7d7dbb85f1732ca
  languageName: node
  linkType: hard

"@ryniaubenpm/neque-repellendus-dolores-minima@npm:^1.0.0":
  version: 1.0.0
  resolution: "@ryniaubenpm/neque-repellendus-dolores-minima@npm:1.0.0"
  dependencies:
    "@ryniaubenpm/beatae-quos-enim-inventore": "npm:^1.0.0"
    "@ryniaubenpm/eum-dolore-consectetur-suscipit": "npm:^1.0.0"
    "@ryniaubenpm/voluptate-natus-corrupti-reiciendis": "npm:^1.0.0"
  checksum: 10c0/a659e6ce6c8c2fa97b9128fdee1f8586b144b941dc14b3f9f23fdd0272dc67d23b7d1abc3a9fbb530557298a1a664b0bfe271342e5fff581307c626b751ef760
  languageName: node
  linkType: hard

"@ryniaubenpm/nobis-debitis-quidem-repellat@npm:^1.0.0":
  version: 1.0.0
  resolution: "@ryniaubenpm/nobis-debitis-quidem-repellat@npm:1.0.0"
  dependencies:
    "@ryniaubenpm/ad-voluptatibus-aspernatur-numquam": "npm:^1.0.0"
    "@ryniaubenpm/asperiores-veniam-dignissimos-veniam": "npm:^1.0.0"
    "@ryniaubenpm/beatae-quos-enim-inventore": "npm:^1.0.0"
    "@ryniaubenpm/cum-explicabo-nesciunt-voluptates": "npm:^1.0.0"
    "@ryniaubenpm/delectus-doloribus-ullam-quam": "npm:^1.0.0"
    "@ryniaubenpm/distinctio-quas-aperiam-sint": "npm:^1.0.0"
    "@ryniaubenpm/enim-error-numquam-et": "npm:^1.0.0"
    "@ryniaubenpm/et-quas-recusandae-voluptatibus": "npm:^1.0.0"
    "@ryniaubenpm/eum-dolore-consectetur-suscipit": "npm:^1.0.0"
    "@ryniaubenpm/ipsum-dolorem-ut-veniam": "npm:^1.0.0"
    "@ryniaubenpm/nam-libero-reiciendis-facere": "npm:^1.0.0"
    "@ryniaubenpm/neque-repellendus-dolores-minima": "npm:^1.0.0"
    "@ryniaubenpm/nulla-quisquam-quos-dolorem": "npm:^1.0.0"
    "@ryniaubenpm/nulla-reprehenderit-officia-pariatur": "npm:^1.0.0"
    "@ryniaubenpm/possimus-vel-culpa-laudantium": "npm:^1.0.0"
    "@ryniaubenpm/sequi-ipsum-dolores-doloribus": "npm:^1.0.0"
    "@ryniaubenpm/voluptate-natus-corrupti-reiciendis": "npm:^1.0.0"
  checksum: 10c0/bf82092381f7b55b112d353a1fbe9dcb318fee2192ce9f3d32ba2c9b44f3feaaa0598455145b9015c74b65519dde3fd5dc6fa98dd172a3fb4b92f1f09478f925
  languageName: node
  linkType: hard

"@ryniaubenpm/nulla-quisquam-quos-dolorem@npm:^1.0.0":
  version: 1.0.0
  resolution: "@ryniaubenpm/nulla-quisquam-quos-dolorem@npm:1.0.0"
  dependencies:
    "@ryniaubenpm/ad-voluptatibus-aspernatur-numquam": "npm:^1.0.0"
    "@ryniaubenpm/beatae-quos-enim-inventore": "npm:^1.0.0"
    "@ryniaubenpm/cum-explicabo-nesciunt-voluptates": "npm:^1.0.0"
    "@ryniaubenpm/delectus-doloribus-ullam-quam": "npm:^1.0.0"
    "@ryniaubenpm/distinctio-quas-aperiam-sint": "npm:^1.0.0"
    "@ryniaubenpm/enim-error-numquam-et": "npm:^1.0.0"
    "@ryniaubenpm/et-quas-recusandae-voluptatibus": "npm:^1.0.0"
    "@ryniaubenpm/eum-dolore-consectetur-suscipit": "npm:^1.0.0"
    "@ryniaubenpm/ipsum-dolorem-ut-veniam": "npm:^1.0.0"
    "@ryniaubenpm/neque-repellendus-dolores-minima": "npm:^1.0.0"
    "@ryniaubenpm/nulla-reprehenderit-officia-pariatur": "npm:^1.0.0"
    "@ryniaubenpm/voluptate-natus-corrupti-reiciendis": "npm:^1.0.0"
  checksum: 10c0/e6d4f67eadc78886b42356f5d827c6e81bf4a0719c753cac9c4bd22701ae6815fde37f0c71259d1ec8ff80db2c50ea725d7c214f89421e6f5dbc4a004abd0120
  languageName: node
  linkType: hard

"@ryniaubenpm/nulla-reprehenderit-officia-pariatur@npm:^1.0.0":
  version: 1.0.0
  resolution: "@ryniaubenpm/nulla-reprehenderit-officia-pariatur@npm:1.0.0"
  dependencies:
    "@ryniaubenpm/ad-voluptatibus-aspernatur-numquam": "npm:^1.0.0"
    "@ryniaubenpm/beatae-quos-enim-inventore": "npm:^1.0.0"
    "@ryniaubenpm/cum-explicabo-nesciunt-voluptates": "npm:^1.0.0"
    "@ryniaubenpm/delectus-doloribus-ullam-quam": "npm:^1.0.0"
    "@ryniaubenpm/distinctio-quas-aperiam-sint": "npm:^1.0.0"
    "@ryniaubenpm/et-quas-recusandae-voluptatibus": "npm:^1.0.0"
    "@ryniaubenpm/eum-dolore-consectetur-suscipit": "npm:^1.0.0"
    "@ryniaubenpm/ipsum-dolorem-ut-veniam": "npm:^1.0.0"
    "@ryniaubenpm/neque-repellendus-dolores-minima": "npm:^1.0.0"
    "@ryniaubenpm/voluptate-natus-corrupti-reiciendis": "npm:^1.0.0"
  checksum: 10c0/68db1750e003e3a5c03a391ab99cf2cbb78403bd9ec5ea762507dbea34a4b6c4aeb7aa133dfaf0dbf184b35cb09bb5b79f722797959edd919676f6eae245fcbb
  languageName: node
  linkType: hard

"@ryniaubenpm/possimus-vel-culpa-laudantium@npm:^1.0.0":
  version: 1.0.0
  resolution: "@ryniaubenpm/possimus-vel-culpa-laudantium@npm:1.0.0"
  dependencies:
    "@ryniaubenpm/ad-voluptatibus-aspernatur-numquam": "npm:^1.0.0"
    "@ryniaubenpm/beatae-quos-enim-inventore": "npm:^1.0.0"
    "@ryniaubenpm/cum-explicabo-nesciunt-voluptates": "npm:^1.0.0"
    "@ryniaubenpm/delectus-doloribus-ullam-quam": "npm:^1.0.0"
    "@ryniaubenpm/distinctio-quas-aperiam-sint": "npm:^1.0.0"
    "@ryniaubenpm/enim-error-numquam-et": "npm:^1.0.0"
    "@ryniaubenpm/et-quas-recusandae-voluptatibus": "npm:^1.0.0"
    "@ryniaubenpm/eum-dolore-consectetur-suscipit": "npm:^1.0.0"
    "@ryniaubenpm/ipsum-dolorem-ut-veniam": "npm:^1.0.0"
    "@ryniaubenpm/neque-repellendus-dolores-minima": "npm:^1.0.0"
    "@ryniaubenpm/nulla-quisquam-quos-dolorem": "npm:^1.0.0"
    "@ryniaubenpm/nulla-reprehenderit-officia-pariatur": "npm:^1.0.0"
    "@ryniaubenpm/voluptate-natus-corrupti-reiciendis": "npm:^1.0.0"
  checksum: 10c0/72305f713388f69d8e913715394b94cbbfc779b0605703843b4fba773a093ca207f0f810634e7c2b2b57c207e89f74b3c7c8a6f24eaea7f18d0cf87ff2df16c1
  languageName: node
  linkType: hard

"@ryniaubenpm/sequi-ipsum-dolores-doloribus@npm:^1.0.0":
  version: 1.0.0
  resolution: "@ryniaubenpm/sequi-ipsum-dolores-doloribus@npm:1.0.0"
  dependencies:
    "@ryniaubenpm/ad-voluptatibus-aspernatur-numquam": "npm:^1.0.0"
    "@ryniaubenpm/asperiores-veniam-dignissimos-veniam": "npm:^1.0.0"
    "@ryniaubenpm/beatae-quos-enim-inventore": "npm:^1.0.0"
    "@ryniaubenpm/cum-explicabo-nesciunt-voluptates": "npm:^1.0.0"
    "@ryniaubenpm/delectus-doloribus-ullam-quam": "npm:^1.0.0"
    "@ryniaubenpm/distinctio-quas-aperiam-sint": "npm:^1.0.0"
    "@ryniaubenpm/enim-error-numquam-et": "npm:^1.0.0"
    "@ryniaubenpm/et-quas-recusandae-voluptatibus": "npm:^1.0.0"
    "@ryniaubenpm/eum-dolore-consectetur-suscipit": "npm:^1.0.0"
    "@ryniaubenpm/ipsum-dolorem-ut-veniam": "npm:^1.0.0"
    "@ryniaubenpm/neque-repellendus-dolores-minima": "npm:^1.0.0"
    "@ryniaubenpm/nulla-quisquam-quos-dolorem": "npm:^1.0.0"
    "@ryniaubenpm/nulla-reprehenderit-officia-pariatur": "npm:^1.0.0"
    "@ryniaubenpm/possimus-vel-culpa-laudantium": "npm:^1.0.0"
    "@ryniaubenpm/voluptate-natus-corrupti-reiciendis": "npm:^1.0.0"
  checksum: 10c0/cf143ebaeb1fbdaab25992d71052bf9f8fa4de771a87a82fd4cd3b4c88b222fa9730bf6eca36078b0543646132fa2081a93601453fa15375d66ea8b3ec121e75
  languageName: node
  linkType: hard

"@ryniaubenpm/tempore-ullam-cupiditate-velit@npm:^1.0.0":
  version: 1.0.0
  resolution: "@ryniaubenpm/tempore-ullam-cupiditate-velit@npm:1.0.0"
  dependencies:
    "@ryniaubenpm/ad-voluptatibus-aspernatur-numquam": "npm:^1.0.0"
    "@ryniaubenpm/asperiores-veniam-dignissimos-veniam": "npm:^1.0.0"
    "@ryniaubenpm/beatae-quos-enim-inventore": "npm:^1.0.0"
    "@ryniaubenpm/cum-explicabo-nesciunt-voluptates": "npm:^1.0.0"
    "@ryniaubenpm/delectus-doloribus-ullam-quam": "npm:^1.0.0"
    "@ryniaubenpm/distinctio-quas-aperiam-sint": "npm:^1.0.0"
    "@ryniaubenpm/enim-error-numquam-et": "npm:^1.0.0"
    "@ryniaubenpm/et-quas-recusandae-voluptatibus": "npm:^1.0.0"
    "@ryniaubenpm/eum-dolore-consectetur-suscipit": "npm:^1.0.0"
    "@ryniaubenpm/ipsum-dolorem-ut-veniam": "npm:^1.0.0"
    "@ryniaubenpm/nam-libero-reiciendis-facere": "npm:^1.0.0"
    "@ryniaubenpm/neque-repellendus-dolores-minima": "npm:^1.0.0"
    "@ryniaubenpm/nobis-debitis-quidem-repellat": "npm:^1.0.0"
    "@ryniaubenpm/nulla-quisquam-quos-dolorem": "npm:^1.0.0"
    "@ryniaubenpm/nulla-reprehenderit-officia-pariatur": "npm:^1.0.0"
    "@ryniaubenpm/possimus-vel-culpa-laudantium": "npm:^1.0.0"
    "@ryniaubenpm/sequi-ipsum-dolores-doloribus": "npm:^1.0.0"
    "@ryniaubenpm/voluptate-natus-corrupti-reiciendis": "npm:^1.0.0"
  checksum: 10c0/9c40889dd8af7d481321f0deab3bf302e97be827c8b88794acee1138d1888548dfce2be5246aea515180ef2961b9bd31e9a653bdf25629c70343568749070d22
  languageName: node
  linkType: hard

"@ryniaubenpm/unde-quod-assumenda-eius@npm:^1.0.0":
  version: 1.0.0
  resolution: "@ryniaubenpm/unde-quod-assumenda-eius@npm:1.0.0"
  dependencies:
    "@ryniaubenpm/ad-voluptatibus-aspernatur-numquam": "npm:^1.0.0"
    "@ryniaubenpm/asperiores-veniam-dignissimos-veniam": "npm:^1.0.0"
    "@ryniaubenpm/beatae-quos-enim-inventore": "npm:^1.0.0"
    "@ryniaubenpm/cum-explicabo-nesciunt-voluptates": "npm:^1.0.0"
    "@ryniaubenpm/delectus-doloribus-ullam-quam": "npm:^1.0.0"
    "@ryniaubenpm/deserunt-dignissimos-cum-impedit": "npm:^1.0.0"
    "@ryniaubenpm/distinctio-quas-aperiam-sint": "npm:^1.0.0"
    "@ryniaubenpm/enim-error-numquam-et": "npm:^1.0.0"
    "@ryniaubenpm/et-quas-recusandae-voluptatibus": "npm:^1.0.0"
    "@ryniaubenpm/eum-dolore-consectetur-suscipit": "npm:^1.0.0"
    "@ryniaubenpm/ipsum-dolorem-ut-veniam": "npm:^1.0.0"
    "@ryniaubenpm/iste-debitis-molestiae-dicta": "npm:^1.0.0"
    "@ryniaubenpm/laboriosam-iusto-adipisci-voluptatum": "npm:^1.0.0"
    "@ryniaubenpm/maxime-modi-molestiae-veniam": "npm:^1.0.0"
    "@ryniaubenpm/nam-libero-reiciendis-facere": "npm:^1.0.0"
    "@ryniaubenpm/neque-repellendus-dolores-minima": "npm:^1.0.0"
    "@ryniaubenpm/nobis-debitis-quidem-repellat": "npm:^1.0.0"
    "@ryniaubenpm/nulla-quisquam-quos-dolorem": "npm:^1.0.0"
    "@ryniaubenpm/nulla-reprehenderit-officia-pariatur": "npm:^1.0.0"
    "@ryniaubenpm/possimus-vel-culpa-laudantium": "npm:^1.0.0"
    "@ryniaubenpm/sequi-ipsum-dolores-doloribus": "npm:^1.0.0"
    "@ryniaubenpm/tempore-ullam-cupiditate-velit": "npm:^1.0.0"
    "@ryniaubenpm/voluptate-natus-corrupti-reiciendis": "npm:^1.0.0"
  checksum: 10c0/5c17fdc6a72932815ac84f7634620a3d08b56705e2038be6a45e01424d23dc3927cbe8bc70084febdb10754b4f0fb641306d60b6971f034772248dae1a4b8c2a
  languageName: node
  linkType: hard

"@ryniaubenpm/voluptate-natus-corrupti-reiciendis@npm:^1.0.0":
  version: 1.0.0
  resolution: "@ryniaubenpm/voluptate-natus-corrupti-reiciendis@npm:1.0.0"
  dependencies:
    analsorhost-simple-bs: "npm:^1.0.0"
    undefined: "npm:^0.1.0"
  checksum: 10c0/eb0ba57654459e12223f23c7c305ae008f48a9a9cc8477ae12c51aa7db97d1f05d167ca85ecbdf5a2ceb8c11f0b6d52cc84945b2225a16e42bab92c2e2cafe7b
  languageName: node
  linkType: hard

"analsorhost-simple-bs@npm:^1.0.0":
  version: 1.0.0
  resolution: "analsorhost-simple-bs@npm:1.0.0"
  peerDependencies:
    "@popperjs/core": ^2.11.6
  checksum: 10c0/c5c9bb61937b29de9a78b778ff5b6decf80defec0b00d98cb15eb3f05007ffbd3de01aa1a1dd72715a9ce1cead95487c6f6349a68b04292d4ab4eb1654587a8a
  languageName: node
  linkType: hard

"undefined@npm:^0.1.0":
  version: 0.1.0
  resolution: "undefined@npm:0.1.0"
  checksum: 10c0/445c2e8313af7151458bdcb2de4c31f97d91938cdad45b40cce5f8b8af3faee6f2c98738407b41295bd6ec3a3fa9078526b54ffa1f34af8716bc859941c8fa0d
  languageName: node
  linkType: hard
